
Microsoft Visual Studio Solution File, Format Version 12.00
# Visual Studio Version 17
VisualStudioVersion = 17.7.34202.233
MinimumVisualStudioVersion = 10.0.40219.1
Project("{8BC9CEB8-8B4A-11D0-8D11-00A0C91BC942}") = "lab6.3rek", "lab6.3rek\lab6.3rek.vcxproj", "{FC8ACFF7-07A4-496B-981A-19316F76E0EA}"
EndProject
Project("{8BC9CEB8-8B4A-11D0-8D11-00A0C91BC942}") = "UnitTest6.3rek", "UnitTest6.3rek\UnitTest6.3rek.vcxproj", "{6BBE4FAD-C412-4EDF-B0AC-06F607B3B2BF}"
EndProject
Global
	GlobalSection(SolutionConfigurationPlatforms) = preSolution
		Debug|x64 = Debug|x64
		Debug|x86 = Debug|x86
		Release|x64 = Release|x64
		Release|x86 = Release|x86
	EndGlobalSection
	GlobalSection(ProjectConfigurationPlatforms) = postSolution
		{FC8ACFF7-07A4-496B-981A-19316F76E0EA}.Debug|x64.ActiveCfg = Debug|x64
		{FC8ACFF7-07A4-496B-981A-19316F76E0EA}.Debug|x64.Build.0 = Debug|x64
		{FC8ACFF7-07A4-496B-981A-19316F76E0EA}.Debug|x86.ActiveCfg = Debug|Win32
		{FC8ACFF7-07A4-496B-981A-19316F76E0EA}.Debug|x86.Build.0 = Debug|Win32
		{FC8ACFF7-07A4-496B-981A-19316F76E0EA}.Release|x64.ActiveCfg = Release|x64
		{FC8ACFF7-07A4-496B-981A-19316F76E0EA}.Release|x64.Build.0 = Release|x64
		{FC8ACFF7-07A4-496B-981A-19316F76E0EA}.Release|x86.ActiveCfg = Release|Win32
		{FC8ACFF7-07A4-496B-981A-19316F76E0EA}.Release|x86.Build.0 = Release|Win32
		{6BBE4FAD-C412-4EDF-B0AC-06F607B3B2BF}.Debug|x64.ActiveCfg = Debug|x64
		{6BBE4FAD-C412-4EDF-B0AC-06F607B3B2BF}.Debug|x64.Build.0 = Debug|x64
		{6BBE4FAD-C412-4EDF-B0AC-06F607B3B2BF}.Debug|x86.ActiveCfg = Debug|Win32
		{6BBE4FAD-C412-4EDF-B0AC-06F607B3B2BF}.Debug|x86.Build.0 = Debug|Win32
		{6BBE4FAD-C412-4EDF-B0AC-06F607B3B2BF}.Release|x64.ActiveCfg = Release|x64
		{6BBE4FAD-C412-4EDF-B0AC-06F607B3B2BF}.Release|x64.Build.0 = Release|x64
		{6BBE4FAD-C412-4EDF-B0AC-06F607B3B2BF}.Release|x86.ActiveCfg = Release|Win32
		{6BBE4FAD-C412-4EDF-B0AC-06F607B3B2BF}.Release|x86.Build.0 = Release|Win32
	EndGlobalSection
	GlobalSection(SolutionProperties) = preSolution
		HideSolutionNode = FALSE
	EndGlobalSection
	GlobalSection(ExtensibilityGlobals) = postSolution
		SolutionGuid = {C10C4E41-DC03-4F76-83C6-1042C549BB66}
	EndGlobalSection
EndGlobal
